// !$*UTF8*$!
{
	archiveVersion = 1;
	classes = {
	};
	objectVersion = 56;
	objects = {

/* Begin PBXBuildFile section */
		A0876F282D5BB51800B5EA56 /* Desafio06App.swift in Sources */ = {isa = PBXBuildFile; fileRef = A0876F272D5BB51800B5EA56 /* Desafio06App.swift */; };
		A0876F2A2D5BB51800B5EA56 /* ContentView.swift in Sources */ = {isa = PBXBuildFile; fileRef = A0876F292D5BB51800B5EA56 /* ContentView.swift */; };
		A0876F2C2D5BB51A00B5EA56 /* Assets.xcassets in Resources */ = {isa = PBXBuildFile; fileRef = A0876F2B2D5BB51A00B5EA56 /* Assets.xcassets */; };
		A0876F2F2D5BB51A00B5EA56 /* Preview Assets.xcassets in Resources */ = {isa = PBXBuildFile; fileRef = A0876F2E2D5BB51A00B5EA56 /* Preview Assets.xcassets */; };
		A0876F3C2D5BBACB00B5EA56 /* azulView.swift in Sources */ = {isa = PBXBuildFile; fileRef = A0876F3B2D5BBACB00B5EA56 /* azulView.swift */; };
		A0876F3E2D5BBADC00B5EA56 /* rosaView.swift in Sources */ = {isa = PBXBuildFile; fileRef = A0876F3D2D5BBADC00B5EA56 /* rosaView.swift */; };
		A0876F402D5BBB2600B5EA56 /* cinzaView.swift in Sources */ = {isa = PBXBuildFile; fileRef = A0876F3F2D5BBB2600B5EA56 /* cinzaView.swift */; };
		A0876F422D5BBCBE00B5EA56 /* listView.swift in Sources */ = {isa = PBXBuildFile; fileRef = A0876F412D5BBCBE00B5EA56 /* listView.swift */; };
/* End PBXBuildFile section */

/* Begin PBXFileReference section */
		A0876F242D5BB51800B5EA56 /* Desafio06.app */ = {isa = PBXFileReference; explicitFileType = wrapper.application; includeInIndex = 0; path = Desafio06.app; sourceTree = BUILT_PRODUCTS_DIR; };
		A0876F272D5BB51800B5EA56 /* Desafio06App.swift */ = {isa = PBXFileReference; lastKnownFileType = sourcecode.swift; path = Desafio06App.swift; sourceTree = "<group>"; };
		A0876F292D5BB51800B5EA56 /* ContentView.swift */ = {isa = PBXFileReference; lastKnownFileType = sourcecode.swift; path = ContentView.swift; sourceTree = "<group>"; };
		A0876F2B2D5BB51A00B5EA56 /* Assets.xcassets */ = {isa = PBXFileReference; lastKnownFileType = folder.assetcatalog; path = Assets.xcassets; sourceTree = "<group>"; };
		A0876F2E2D5BB51A00B5EA56 /* Preview Assets.xcassets */ = {isa = PBXFileReference; lastKnownFileType = folder.assetcatalog; path = "Preview Assets.xcassets"; sourceTree = "<group>"; };
		A0876F3B2D5BBACB00B5EA56 /* azulView.swift */ = {isa = PBXFileReference; lastKnownFileType = sourcecode.swift; path = azulView.swift; sourceTree = "<group>"; };
		A0876F3D2D5BBADC00B5EA56 /* rosaView.swift */ = {isa = PBXFileReference; lastKnownFileType = sourcecode.swift; path = rosaView.swift; sourceTree = "<group>"; };
		A0876F3F2D5BBB2600B5EA56 /* cinzaView.swift */ = {isa = PBXFileReference; lastKnownFileType = sourcecode.swift; path = cinzaView.swift; sourceTree = "<group>"; };
		A0876F412D5BBCBE00B5EA56 /* listView.swift */ = {isa = PBXFileReference; lastKnownFileType = sourcecode.swift; path = listView.swift; sourceTree = "<group>"; };
/* End PBXFileReference section */

/* Begin PBXFrameworksBuildPhase section */
		A0876F212D5BB51800B5EA56 /* Frameworks */ = {
			isa = PBXFrameworksBuildPhase;
			buildActionMask = 2147483647;
			files = (
			);
			runOnlyForDeploymentPostprocessing = 0;
		};
/* End PBXFrameworksBuildPhase section */

/* Begin PBXGroup section */
		A0876F1B2D5BB51800B5EA56 = {
			isa = PBXGroup;
			children = (
				A0876F262D5BB51800B5EA56 /* Desafio06 */,
				A0876F252D5BB51800B5EA56 /* Products */,
			);
			sourceTree = "<group>";
		};
		A0876F252D5BB51800B5EA56 /* Products */ = {
			isa = PBXGroup;
			children = (
				A0876F242D5BB51800B5EA56 /* Desafio06.app */,
			);
			name = Products;
			sourceTree = "<group>";
		};
		A0876F262D5BB51800B5EA56 /* Desafio06 */ = {
			isa = PBXGroup;
			children = (
				A0876F272D5BB51800B5EA56 /* Desafio06App.swift */,
				A0876F3F2D5BBB2600B5EA56 /* cinzaView.swift */,
				A0876F412D5BBCBE00B5EA56 /* listView.swift */,
				A0876F3B2D5BBACB00B5EA56 /* azulView.swift */,
				A0876F3D2D5BBADC00B5EA56 /* rosaView.swift */,
				A0876F292D5BB51800B5EA56 /* ContentView.swift */,
				A0876F2B2D5BB51A00B5EA56 /* Assets.xcassets */,
				A0876F2D2D5BB51A00B5EA56 /* Preview Content */,
			);
			path = Desafio06;
			sourceTree = "<group>";
		};
		A0876F2D2D5BB51A00B5EA56 /* Preview Content */ = {
			isa = PBXGroup;
			children = (
				A0876F2E2D5BB51A00B5EA56 /* Preview Assets.xcassets */,
			);
			path = "Preview Content";
			sourceTree = "<group>";
		};
/* End PBXGroup section */

/* Begin PBXNativeTarget section */
		A0876F232D5BB51800B5EA56 /* Desafio06 */ = {
			isa = PBXNativeTarget;
			buildConfigurationList = A0876F322D5BB51A00B5EA56 /* Build configuration list for PBXNativeTarget "Desafio06" */;
			buildPhases = (
				A0876F202D5BB51800B5EA56 /* Sources */,
				A0876F212D5BB51800B5EA56 /* Frameworks */,
				A0876F222D5BB51800B5EA56 /* Resources */,
			);
			buildRules = (
			);
			dependencies = (
			);
			name = Desafio06;
			productName = Desafio06;
			productReference = A0876F242D5BB51800B5EA56 /* Desafio06.app */;
			productType = "com.apple.product-type.application";
		};
/* End PBXNativeTarget section */

/* Begin PBXProject section */
		A0876F1C2D5BB51800B5EA56 /* Project object */ = {
			isa = PBXProject;
			attributes = {
				BuildIndependentTargetsInParallel = 1;
				LastSwiftUpdateCheck = 1540;
				LastUpgradeCheck = 1540;
				TargetAttributes = {
					A0876F232D5BB51800B5EA56 = {
						CreatedOnToolsVersion = 15.4;
					};
				};
			};
			buildConfigurationList = A0876F1F2D5BB51800B5EA56 /* Build configuration list for PBXProject "Desafio06" */;
			compatibilityVersion = "Xcode 14.0";
			developmentRegion = en;
			hasScannedForEncodings = 0;
			knownRegions = (
				en,
				Base,
			);
			mainGroup = A0876F1B2D5BB51800B5EA56;
			productRefGroup = A0876F252D5BB51800B5EA56 /* Products */;
			projectDirPath = "";
			projectRoot = "";
			targets = (
				A0876F232D5BB51800B5EA56 /* Desafio06 */,
			);
		};
/* End PBXProject section */

/* Begin PBXResourcesBuildPhase section */
		A0876F222D5BB51800B5EA56 /* Resources */ = {
			isa = PBXResourcesBuildPhase;
			buildActionMask = 2147483647;
			files = (
				A0876F2F2D5BB51A00B5EA56 /* Preview Assets.xcassets in Resources */,
				A0876F2C2D5BB51A00B5EA56 /* Assets.xcassets in Resources */,
			);
			runOnlyForDeploymentPostprocessing = 0;
		};
/* End PBXResourcesBuildPhase section */

/* Begin PBXSourcesBuildPhase section */
		A0876F202D5BB51800B5EA56 /* Sources */ = {
			isa = PBXSourcesBuildPhase;
			buildActionMask = 2147483647;
			files = (
				A0876F2A2D5BB51800B5EA56 /* ContentView.swift in Sources */,
				A0876F3E2D5BBADC00B5EA56 /* rosaView.swift in Sources */,
				A0876F3C2D5BBACB00B5EA56 /* azulView.swift in Sources */,
				A0876F282D5BB51800B5EA56 /* Desafio06App.swift in Sources */,
				A0876F422D5BBCBE00B5EA56 /* listView.swift in Sources */,
				A0876F402D5BBB2600B5EA56 /* cinzaView.swift in Sources */,
			);
			runOnlyForDeploymentPostprocessing = 0;
		};
/* End PBXSourcesBuildPhase section */

/* Begin XCBuildConfiguration section */
		A0876F302D5BB51A00B5EA56 /* Debug */ = {
			isa = XCBuildConfiguration;
			buildSettings = {
				ALWAYS_SEARCH_USER_PATHS = NO;
				ASSETCATALOG_COMPILER_GENERATE_SWIFT_ASSET_SYMBOL_EXTENSIONS = YES;
				CLANG_ANALYZER_NONNULL = YES;
				CLANG_ANALYZER_NUMBER_OBJECT_CONVERSION = YES_AGGRESSIVE;
				CLANG_CXX_LANGUAGE_STANDARD = "gnu++20";
				CLANG_ENABLE_MODULES = YES;
				CLANG_ENABLE_OBJC_ARC = YES;
				CLANG_ENABLE_OBJC_WEAK = YES;
				CLANG_WARN_BLOCK_CAPTURE_AUTORELEASING = YES;
				CLANG_WARN_BOOL_CONVERSION = YES;
				CLANG_WARN_COMMA = YES;
				CLANG_WARN_CONSTANT_CONVERSION = YES;
				CLANG_WARN_DEPRECATED_OBJC_IMPLEMENTATIONS = YES;
				CLANG_WARN_DIRECT_OBJC_ISA_USAGE = YES_ERROR;
				CLANG_WARN_DOCUMENTATION_COMMENTS = YES;
				CLANG_WARN_EMPTY_BODY = YES;
				CLANG_WARN_ENUM_CONVERSION = YES;
				CLANG_WARN_INFINITE_RECURSION = YES;
				CLANG_WARN_INT_CONVERSION = YES;
				CLANG_WARN_NON_LITERAL_NULL_CONVERSION = YES;
				CLANG_WARN_OBJC_IMPLICIT_RETAIN_SELF = YES;
				CLANG_WARN_OBJC_LITERAL_CONVERSION = YES;
				CLANG_WARN_OBJC_ROOT_CLASS = YES_ERROR;
				CLANG_WARN_QUOTED_INCLUDE_IN_FRAMEWORK_HEADER = YES;
				CLANG_WARN_RANGE_LOOP_ANALYSIS = YES;
				CLANG_WARN_STRICT_PROTOTYPES = YES;
				CLANG_WARN_SUSPICIOUS_MOVE = YES;
				CLANG_WARN_UNGUARDED_AVAILABILITY = YES_AGGRESSIVE;
				CLANG_WARN_UNREACHABLE_CODE = YES;
				CLANG_WARN__DUPLICATE_METHOD_MATCH = YES;
				COPY_PHASE_STRIP = NO;
				DEBUG_INFORMATION_FORMAT = dwarf;
				ENABLE_STRICT_OBJC_MSGSEND = YES;
				ENABLE_TESTABILITY = YES;
				ENABLE_USER_SCRIPT_SANDBOXING = YES;
				GCC_C_LANGUAGE_STANDARD = gnu17;
				GCC_DYNAMIC_NO_PIC = NO;
				GCC_NO_COMMON_BLOCKS = YES;
				GCC_OPTIMIZATION_LEVEL = 0;
				GCC_PREPROCESSOR_DEFINITIONS = (
					"DEBUG=1",
					"$(inherited)",
				);
				GCC_WARN_64_TO_32_BIT_CONVERSION = YES;
				GCC_WARN_ABOUT_RETURN_TYPE = YES_ERROR;
				GCC_WARN_UNDECLARED_SELECTOR = YES;
				GCC_WARN_UNINITIALIZED_AUTOS = YES_AGGRESSIVE;
				GCC_WARN_UNUSED_FUNCTION = YES;
				GCC_WARN_UNUSED_VARIABLE = YES;
				IPHONEOS_DEPLOYMENT_TARGET = 17.5;
				LOCALIZATION_PREFERS_STRING_CATALOGS = YES;
				MTL_ENABLE_DEBUG_INFO = INCLUDE_SOURCE;
				MTL_FAST_MATH = YES;
				ONLY_ACTIVE_ARCH = YES;
				SDKROOT = iphoneos;
				SWIFT_ACTIVE_COMPILATION_CONDITIONS = "DEBUG $(inherited)";
				SWIFT_OPTIMIZATION_LEVEL = "-Onone";
			};
			name = Debug;
		};
		A0876F312D5BB51A00B5EA56 /* Release */ = {
			isa = XCBuildConfiguration;
			buildSettings = {
				ALWAYS_SEARCH_USER_PATHS = NO;
				ASSETCATALOG_COMPILER_GENERATE_SWIFT_ASSET_SYMBOL_EXTENSIONS = YES;
				CLANG_ANALYZER_NONNULL = YES;
				CLANG_ANALYZER_NUMBER_OBJECT_CONVERSION = YES_AGGRESSIVE;
				CLANG_CXX_LANGUAGE_STANDARD = "gnu++20";
				CLANG_ENABLE_MODULES = YES;
				CLANG_ENABLE_OBJC_ARC = YES;
				CLANG_ENABLE_OBJC_WEAK = YES;
				CLANG_WARN_BLOCK_CAPTURE_AUTORELEASING = YES;
				CLANG_WARN_BOOL_CONVERSION = YES;
				CLANG_WARN_COMMA = YES;
				CLANG_WARN_CONSTANT_CONVERSION = YES;
				CLANG_WARN_DEPRECATED_OBJC_IMPLEMENTATIONS = YES;
				CLANG_WARN_DIRECT_OBJC_ISA_USAGE = YES_ERROR;
				CLANG_WARN_DOCUMENTATION_COMMENTS = YES;
				CLANG_WARN_EMPTY_BODY = YES;
				CLANG_WARN_ENUM_CONVERSION = YES;
				CLANG_WARN_INFINITE_RECURSION = YES;
				CLANG_WARN_INT_CONVERSION = YES;
				CLANG_WARN_NON_LITERAL_NULL_CONVERSION = YES;
				CLANG_WARN_OBJC_IMPLICIT_RETAIN_SELF = YES;
				CLANG_WARN_OBJC_LITERAL_CONVERSION = YES;
				CLANG_WARN_OBJC_ROOT_CLASS = YES_ERROR;
				CLANG_WARN_QUOTED_INCLUDE_IN_FRAMEWORK_HEADER = YES;
				CLANG_WARN_RANGE_LOOP_ANALYSIS = YES;
				CLANG_WARN_STRICT_PROTOTYPES = YES;
				CLANG_WARN_SUSPICIOUS_MOVE = YES;
				CLANG_WARN_UNGUARDED_AVAILABILITY = YES_AGGRESSIVE;
				CLANG_WARN_UNREACHABLE_CODE = YES;
				CLANG_WARN__DUPLICATE_METHOD_MATCH = YES;
				COPY_PHASE_STRIP = NO;
				DEBUG_INFORMATION_FORMAT = "dwarf-with-dsym";
				ENABLE_NS_ASSERTIONS = NO;
				ENABLE_STRICT_OBJC_MSGSEND = YES;
				ENABLE_USER_SCRIPT_SANDBOXING = YES;
				GCC_C_LANGUAGE_STANDARD = gnu17;
				GCC_NO_COMMON_BLOCKS = YES;
				GCC_WARN_64_TO_32_BIT_CONVERSION = YES;
				GCC_WARN_ABOUT_RETURN_TYPE = YES_ERROR;
				GCC_WARN_UNDECLARED_SELECTOR = YES;
				GCC_WARN_UNINITIALIZED_AUTOS = YES_AGGRESSIVE;
				GCC_WARN_UNUSED_FUNCTION = YES;
				GCC_WARN_UNUSED_VARIABLE = YES;
				IPHONEOS_DEPLOYMENT_TARGET = 17.5;
				LOCALIZATION_PREFERS_STRING_CATALOGS = YES;
				MTL_ENABLE_DEBUG_INFO = NO;
				MTL_FAST_MATH = YES;
				SDKROOT = iphoneos;
				SWIFT_COMPILATION_MODE = wholemodule;
				VALIDATE_PRODUCT = YES;
			};
			name = Release;
		};
		A0876F332D5BB51A00B5EA56 /* Debug */ = {
			isa = XCBuildConfiguration;
			buildSettings = {
				ASSETCATALOG_COMPILER_APPICON_NAME = AppIcon;
				ASSETCATALOG_COMPILER_GLOBAL_ACCENT_COLOR_NAME = AccentColor;
				CODE_SIGN_STYLE = Automatic;
				CURRENT_PROJECT_VERSION = 1;
				DEVELOPMENT_ASSET_PATHS = "\"Desafio06/Preview Content\"";
				ENABLE_PREVIEWS = YES;
				GENERATE_INFOPLIST_FILE = YES;
				INFOPLIST_KEY_UIApplicationSceneManifest_Generation = YES;
				INFOPLIST_KEY_UIApplicationSupportsIndirectInputEvents = YES;
				INFOPLIST_KEY_UILaunchScreen_Generation = YES;
				INFOPLIST_KEY_UISupportedInterfaceOrientations_iPad = "UIInterfaceOrientationPortrait UIInterfaceOrientationPortraitUpsideDown UIInterfaceOrientationLandscapeLeft UIInterfaceOrientationLandscapeRight";
				INFOPLIST_KEY_UISupportedInterfaceOrientations_iPhone = "UIInterfaceOrientationPortrait UIInterfaceOrientationLandscapeLeft UIInterfaceOrientationLandscapeRight";
				LD_RUNPATH_SEARCH_PATHS = (
					"$(inherited)",
					"@executable_path/Frameworks",
				);
				MARKETING_VERSION = 1.0;
				PRODUCT_BUNDLE_IDENTIFIER = "Nicolly-Ribeiro.Desafio06";
				PRODUCT_NAME = "$(TARGET_NAME)";
				SWIFT_EMIT_LOC_STRINGS = YES;
				SWIFT_VERSION = 5.0;
				TARGETED_DEVICE_FAMILY = "1,2";
			};
			name = Debug;
		};
		A0876F342D5BB51A00B5EA56 /* Release */ = {
			isa = XCBuildConfiguration;
			buildSettings = {
				ASSETCATALOG_COMPILER_APPICON_NAME = AppIcon;
				ASSETCATALOG_COMPILER_GLOBAL_ACCENT_COLOR_NAME = AccentColor;
				CODE_SIGN_STYLE = Automatic;
				CURRENT_PROJECT_VERSION = 1;
				DEVELOPMENT_ASSET_PATHS = "\"Desafio06/Preview Content\"";
				ENABLE_PREVIEWS = YES;
				GENERATE_INFOPLIST_FILE = YES;
				INFOPLIST_KEY_UIApplicationSceneManifest_Generation = YES;
				INFOPLIST_KEY_UIApplicationSupportsIndirectInputEvents = YES;
				INFOPLIST_KEY_UILaunchScreen_Generation = YES;
				INFOPLIST_KEY_UISupportedInterfaceOrientations_iPad = "UIInterfaceOrientationPortrait UIInterfaceOrientationPortraitUpsideDown UIInterfaceOrientationLandscapeLeft UIInterfaceOrientationLandscapeRight";
				INFOPLIST_KEY_UISupportedInterfaceOrientations_iPhone = "UIInterfaceOrientationPortrait UIInterfaceOrientationLandscapeLeft UIInterfaceOrientationLandscapeRight";
				LD_RUNPATH_SEARCH_PATHS = (
					"$(inherited)",
					"@executable_path/Frameworks",
				);
				MARKETING_VERSION = 1.0;
				PRODUCT_BUNDLE_IDENTIFIER = "Nicolly-Ribeiro.Desafio06";
				PRODUCT_NAME = "$(TARGET_NAME)";
				SWIFT_EMIT_LOC_STRINGS = YES;
				SWIFT_VERSION = 5.0;
				TARGETED_DEVICE_FAMILY = "1,2";
			};
			name = Release;
		};
/* End XCBuildConfiguration section */

/* Begin XCConfigurationList section */
		A0876F1F2D5BB51800B5EA56 /* Build configuration list for PBXProject "Desafio06" */ = {
			isa = XCConfigurationList;
			buildConfigurations = (
				A0876F302D5BB51A00B5EA56 /* Debug */,
				A0876F312D5BB51A00B5EA56 /* Release */,
			);
			defaultConfigurationIsVisible = 0;
			defaultConfigurationName = Release;
		};
		A0876F322D5BB51A00B5EA56 /* Build configuration list for PBXNativeTarget "Desafio06" */ = {
			isa = XCConfigurationList;
			buildConfigurations = (
				A0876F332D5BB51A00B5EA56 /* Debug */,
				A0876F342D5BB51A00B5EA56 /* Release */,
			);
			defaultConfigurationIsVisible = 0;
			defaultConfigurationName = Release;
		};
/* End XCConfigurationList section */
	};
	rootObject = A0876F1C2D5BB51800B5EA56 /* Project object */;
}
